# This file was autogenerated by Stack.
# You should not edit this file by hand.
# For more information, please see the documentation at:
#   https://docs.haskellstack.org/en/stable/lock_files

packages:
- completed:
    commit: 2c27db3d4c132890919573b636ccdf8ed74788fa
    git: https://github.com/juspay/beam
    name: beam-core
    pantry-tree:
      sha256: 3cb235485a6a2986297f84ebbe25ee21f005c4e9349eea220b1eb029d306f0c8
      size: 2623
    subdir: beam-core
    version: 0.9.0.0
  original:
    commit: 2c27db3d4c132890919573b636ccdf8ed74788fa
    git: https://github.com/juspay/beam
    subdir: beam-core
- completed:
    commit: 2c27db3d4c132890919573b636ccdf8ed74788fa
    git: https://github.com/juspay/beam
    name: beam-migrate
    pantry-tree:
      sha256: e4c13e0a71c54d2f59a96fa8439c7b1ee60e0af6e9871846e3cfc2ee0f59b3e4
      size: 1825
    subdir: beam-migrate
    version: 0.5.0.0
  original:
    commit: 2c27db3d4c132890919573b636ccdf8ed74788fa
    git: https://github.com/juspay/beam
    subdir: beam-migrate
- completed:
    commit: 2c27db3d4c132890919573b636ccdf8ed74788fa
    git: https://github.com/juspay/beam
    name: beam-sqlite
    pantry-tree:
      sha256: 3140989aa62a4b00e9953c93ae691407a56564114b9727f3c6b575849e8a484c
      size: 859
    subdir: beam-sqlite
    version: 0.5.0.0
  original:
    commit: 2c27db3d4c132890919573b636ccdf8ed74788fa
    git: https://github.com/juspay/beam
    subdir: beam-sqlite
- completed:
    commit: 2c27db3d4c132890919573b636ccdf8ed74788fa
    git: https://github.com/juspay/beam
    name: beam-postgres
    pantry-tree:
      sha256: 0817cdf0f8f8805d8dda1526dd2143aea535021e053fc089565f6d9cb2b7cf7c
      size: 2594
    subdir: beam-postgres
    version: 0.5.0.0
  original:
    commit: 2c27db3d4c132890919573b636ccdf8ed74788fa
    git: https://github.com/juspay/beam
    subdir: beam-postgres
- completed:
    commit: 46ea0ea78e6d8d1a2b1a66e6f08078a37864ad80
    git: https://github.com/juspay/hedis.git
    name: hedis
    pantry-tree:
      sha256: efe83ea607d47d7d8200c61a0dddabc5e7f292a2f451a98dec1326eb0903ef71
      size: 2570
    version: 0.12.8.1
  original:
    commit: 46ea0ea78e6d8d1a2b1a66e6f08078a37864ad80
    git: https://github.com/juspay/hedis.git
- completed:
    hackage: haskell-src-exts-1.21.1@sha256:11d18ec3f463185f81b7819376b532e3087f8192cffc629aac5c9eec88897b35,4541
    pantry-tree:
      sha256: 487db8defe20a7c8bdf5b4a9a68ec616a4349bdb643f2dc7c9d71e1a6495c8c7
      size: 95170
  original:
    hackage: haskell-src-exts-1.21.1@sha256:11d18ec3f463185f81b7819376b532e3087f8192cffc629aac5c9eec88897b35,4541
- completed:
    hackage: dependent-map-0.4.0.0@sha256:ca2b131046f4340a1c35d138c5a003fe4a5be96b14efc26291ed35fd08c62221,1657
    pantry-tree:
      sha256: 5defa30010904d2ad05a036f3eaf83793506717c93cbeb599f40db1a3632cfc5
      size: 551
  original:
    hackage: dependent-map-0.4.0.0@sha256:ca2b131046f4340a1c35d138c5a003fe4a5be96b14efc26291ed35fd08c62221,1657
- completed:
    hackage: dependent-sum-0.7.1.0@sha256:5599aa89637db434431b1dd3fa7c34bc3d565ee44f0519bfbc877be1927c2531,2068
    pantry-tree:
      sha256: 9cbfb32b5a8a782b7a1c941803fd517633cb699159b851c1d82267a9e9391b50
      size: 290
  original:
    hackage: dependent-sum-0.7.1.0@sha256:5599aa89637db434431b1dd3fa7c34bc3d565ee44f0519bfbc877be1927c2531,2068
- completed:
    hackage: constraints-extras-0.3.0.2@sha256:bf6884be65958e9188ae3c9e5547abfd6d201df021bff8a4704c2c4fe1e1ae5b,1784
    pantry-tree:
      sha256: b0bcc96d375ee11b1972a2e9e8e42039b3f420b0e1c46e9c70652470445a6505
      size: 594
  original:
    hackage: constraints-extras-0.3.0.2@sha256:bf6884be65958e9188ae3c9e5547abfd6d201df021bff8a4704c2c4fe1e1ae5b,1784
- completed:
    hackage: servant-0.18.1@sha256:d322da8a5033203b3da510fdd41c949f61d25b7a2e3ab707035aef5484bbeb13,5273
    pantry-tree:
      sha256: 59fe629e1b6e92571e1b54a7028c09abfff655077361bedc0689bcaca30c7240
      size: 2594
  original:
    hackage: servant-0.18.1
- completed:
    hackage: servant-mock-0.8.7@sha256:64cb3e52bbd51ab6cb25e3f412a99ea712c6c26f1efd117f01a8d1664df49c67,2306
    pantry-tree:
      sha256: b263e932ec6b151e52987054ec0a4cd692fa787f856c79e51498302eb0d6c388
      size: 555
  original:
    hackage: servant-mock-0.8.7
- completed:
    hackage: servant-server-0.18.1@sha256:f0824cfa57b23b6b698dbd93e11598c4c5355aaa26121f48c091f6e5f03623fc,5665
    pantry-tree:
      sha256: afba7a901c86dfe0c65d18470bca144b371cbff13d4fb516247b200fbd62597b
      size: 2614
  original:
    hackage: servant-server-0.18.1
- completed:
    hackage: servant-client-0.18.1@sha256:03d5628829331eaa72402e7c5cc059cff72cb91c34c5f10042fe09fd05454eb4,4745
    pantry-tree:
      sha256: a8e23be4307bef89466b4dd60035980820566cf6142b74b29b120a60490dd851
      size: 1300
  original:
    hackage: servant-client-0.18.1
- completed:
    hackage: servant-client-core-0.18.1@sha256:a116901bf2aa8b6ff63b1c8e24b34c4fe7c505682e9862f314c5bcd2f9279312,3763
    pantry-tree:
      sha256: 8a47f39a046ba959fc150c44a95cec46f41feec28970e11ec6397604e785d36f
      size: 1444
  original:
    hackage: servant-client-core-0.18.1
snapshots:
- completed:
    sha256: d6b004b095fe2a0b8b14fbc30014ee97e58843b9c9362ddb9244273dda62649e
    size: 532380
    url: https://raw.githubusercontent.com/commercialhaskell/stackage-snapshots/master/lts/16/16.yaml
  original: lts-16.16
